
Microsoft Visual Studio Solution File, Format Version 12.00
Project("{FAE04EC0-301F-11D3-BF4B-00C04F79EFBC}") = "Day01", "Day01\Day01.csproj", "{69C06BAA-9692-4B03-B848-26970D54881D}"
EndProject
Project("{FAE04EC0-301F-11D3-BF4B-00C04F79EFBC}") = "Day02", "Day02\Day02.csproj", "{9E932E8B-64C7-462C-98D7-755E60574455}"
EndProject
Project("{FAE04EC0-301F-11D3-BF4B-00C04F79EFBC}") = "Day03", "Day03\Day03.csproj", "{29058F72-FFDB-459B-928A-0A1DE96961B0}"
EndProject
Project("{FAE04EC0-301F-11D3-BF4B-00C04F79EFBC}") = "Day03Test", "Day03Test\Day03Test.csproj", "{C394A315-18AA-4F93-8FA1-1F5F2BB726EB}"
EndProject
Project("{FAE04EC0-301F-11D3-BF4B-00C04F79EFBC}") = "Day04", "Day04\Day04.csproj", "{3F625B05-59C9-4376-AFDE-B00B388371DA}"
EndProject
Project("{FAE04EC0-301F-11D3-BF4B-00C04F79EFBC}") = "Day04Test", "Day04Test\Day04Test.csproj", "{CDF9BEE1-94D0-4266-B5A6-E980FFB043F1}"
EndProject
Project("{FAE04EC0-301F-11D3-BF4B-00C04F79EFBC}") = "Day05", "Day05\Day05.csproj", "{3740EB21-833A-4975-B8C2-77EFFD6EB007}"
EndProject
Project("{FAE04EC0-301F-11D3-BF4B-00C04F79EFBC}") = "Day05Test", "Day05Test\Day05Test.csproj", "{E725215F-EF0B-4923-A0EC-AA838225AEBA}"
EndProject
Project("{FAE04EC0-301F-11D3-BF4B-00C04F79EFBC}") = "Day06", "Day06\Day06.csproj", "{CDB32779-50BA-4712-9599-8677A3312F74}"
EndProject
Project("{FAE04EC0-301F-11D3-BF4B-00C04F79EFBC}") = "Day06Test", "Day06Test\Day06Test.csproj", "{35D25F34-556E-48DA-917D-B4AFDC215263}"
EndProject
Project("{FAE04EC0-301F-11D3-BF4B-00C04F79EFBC}") = "Day07", "Day07\Day07.csproj", "{DF00667A-8225-4ADB-9E85-9F3373328809}"
EndProject
Project("{FAE04EC0-301F-11D3-BF4B-00C04F79EFBC}") = "Day07Test", "Day07Test\Day07Test.csproj", "{78EB7B26-1830-4C7B-838F-5FDBC3CEFEB4}"
EndProject
Project("{FAE04EC0-301F-11D3-BF4B-00C04F79EFBC}") = "Day08", "Day08\Day08.csproj", "{9266E4CF-9F44-4C98-A672-9764357375B4}"
EndProject
Project("{FAE04EC0-301F-11D3-BF4B-00C04F79EFBC}") = "Day08Test", "Day08Test\Day08Test.csproj", "{2A2933EB-C153-4505-88B8-FA30B5E9C567}"
EndProject
Project("{FAE04EC0-301F-11D3-BF4B-00C04F79EFBC}") = "Day09", "Day09\Day09.csproj", "{9BDDDE07-23A9-4E7E-90D2-E733B591DED5}"
EndProject
Project("{FAE04EC0-301F-11D3-BF4B-00C04F79EFBC}") = "Day09Test", "Day09Test\Day09Test.csproj", "{D63B1578-FD5A-442C-A1C1-0015FB442912}"
EndProject
Global
	GlobalSection(SolutionConfigurationPlatforms) = preSolution
		Debug|Any CPU = Debug|Any CPU
		Release|Any CPU = Release|Any CPU
	EndGlobalSection
	GlobalSection(ProjectConfigurationPlatforms) = postSolution
		{69C06BAA-9692-4B03-B848-26970D54881D}.Debug|Any CPU.ActiveCfg = Debug|Any CPU
		{69C06BAA-9692-4B03-B848-26970D54881D}.Debug|Any CPU.Build.0 = Debug|Any CPU
		{69C06BAA-9692-4B03-B848-26970D54881D}.Release|Any CPU.ActiveCfg = Release|Any CPU
		{69C06BAA-9692-4B03-B848-26970D54881D}.Release|Any CPU.Build.0 = Release|Any CPU
		{9E932E8B-64C7-462C-98D7-755E60574455}.Debug|Any CPU.ActiveCfg = Debug|Any CPU
		{9E932E8B-64C7-462C-98D7-755E60574455}.Debug|Any CPU.Build.0 = Debug|Any CPU
		{9E932E8B-64C7-462C-98D7-755E60574455}.Release|Any CPU.ActiveCfg = Release|Any CPU
		{9E932E8B-64C7-462C-98D7-755E60574455}.Release|Any CPU.Build.0 = Release|Any CPU
		{29058F72-FFDB-459B-928A-0A1DE96961B0}.Debug|Any CPU.ActiveCfg = Debug|Any CPU
		{29058F72-FFDB-459B-928A-0A1DE96961B0}.Debug|Any CPU.Build.0 = Debug|Any CPU
		{29058F72-FFDB-459B-928A-0A1DE96961B0}.Release|Any CPU.ActiveCfg = Release|Any CPU
		{29058F72-FFDB-459B-928A-0A1DE96961B0}.Release|Any CPU.Build.0 = Release|Any CPU
		{C394A315-18AA-4F93-8FA1-1F5F2BB726EB}.Debug|Any CPU.ActiveCfg = Debug|Any CPU
		{C394A315-18AA-4F93-8FA1-1F5F2BB726EB}.Debug|Any CPU.Build.0 = Debug|Any CPU
		{C394A315-18AA-4F93-8FA1-1F5F2BB726EB}.Release|Any CPU.ActiveCfg = Release|Any CPU
		{C394A315-18AA-4F93-8FA1-1F5F2BB726EB}.Release|Any CPU.Build.0 = Release|Any CPU
		{3F625B05-59C9-4376-AFDE-B00B388371DA}.Debug|Any CPU.ActiveCfg = Debug|Any CPU
		{3F625B05-59C9-4376-AFDE-B00B388371DA}.Debug|Any CPU.Build.0 = Debug|Any CPU
		{3F625B05-59C9-4376-AFDE-B00B388371DA}.Release|Any CPU.ActiveCfg = Release|Any CPU
		{3F625B05-59C9-4376-AFDE-B00B388371DA}.Release|Any CPU.Build.0 = Release|Any CPU
		{CDF9BEE1-94D0-4266-B5A6-E980FFB043F1}.Debug|Any CPU.ActiveCfg = Debug|Any CPU
		{CDF9BEE1-94D0-4266-B5A6-E980FFB043F1}.Debug|Any CPU.Build.0 = Debug|Any CPU
		{CDF9BEE1-94D0-4266-B5A6-E980FFB043F1}.Release|Any CPU.ActiveCfg = Release|Any CPU
		{CDF9BEE1-94D0-4266-B5A6-E980FFB043F1}.Release|Any CPU.Build.0 = Release|Any CPU
		{3740EB21-833A-4975-B8C2-77EFFD6EB007}.Debug|Any CPU.ActiveCfg = Debug|Any CPU
		{3740EB21-833A-4975-B8C2-77EFFD6EB007}.Debug|Any CPU.Build.0 = Debug|Any CPU
		{3740EB21-833A-4975-B8C2-77EFFD6EB007}.Release|Any CPU.ActiveCfg = Release|Any CPU
		{3740EB21-833A-4975-B8C2-77EFFD6EB007}.Release|Any CPU.Build.0 = Release|Any CPU
		{E725215F-EF0B-4923-A0EC-AA838225AEBA}.Debug|Any CPU.ActiveCfg = Debug|Any CPU
		{E725215F-EF0B-4923-A0EC-AA838225AEBA}.Debug|Any CPU.Build.0 = Debug|Any CPU
		{E725215F-EF0B-4923-A0EC-AA838225AEBA}.Release|Any CPU.ActiveCfg = Release|Any CPU
		{E725215F-EF0B-4923-A0EC-AA838225AEBA}.Release|Any CPU.Build.0 = Release|Any CPU
		{CDB32779-50BA-4712-9599-8677A3312F74}.Debug|Any CPU.ActiveCfg = Debug|Any CPU
		{CDB32779-50BA-4712-9599-8677A3312F74}.Debug|Any CPU.Build.0 = Debug|Any CPU
		{CDB32779-50BA-4712-9599-8677A3312F74}.Release|Any CPU.ActiveCfg = Release|Any CPU
		{CDB32779-50BA-4712-9599-8677A3312F74}.Release|Any CPU.Build.0 = Release|Any CPU
		{35D25F34-556E-48DA-917D-B4AFDC215263}.Debug|Any CPU.ActiveCfg = Debug|Any CPU
		{35D25F34-556E-48DA-917D-B4AFDC215263}.Debug|Any CPU.Build.0 = Debug|Any CPU
		{35D25F34-556E-48DA-917D-B4AFDC215263}.Release|Any CPU.ActiveCfg = Release|Any CPU
		{35D25F34-556E-48DA-917D-B4AFDC215263}.Release|Any CPU.Build.0 = Release|Any CPU
		{DF00667A-8225-4ADB-9E85-9F3373328809}.Debug|Any CPU.ActiveCfg = Debug|Any CPU
		{DF00667A-8225-4ADB-9E85-9F3373328809}.Debug|Any CPU.Build.0 = Debug|Any CPU
		{DF00667A-8225-4ADB-9E85-9F3373328809}.Release|Any CPU.ActiveCfg = Release|Any CPU
		{DF00667A-8225-4ADB-9E85-9F3373328809}.Release|Any CPU.Build.0 = Release|Any CPU
		{78EB7B26-1830-4C7B-838F-5FDBC3CEFEB4}.Debug|Any CPU.ActiveCfg = Debug|Any CPU
		{78EB7B26-1830-4C7B-838F-5FDBC3CEFEB4}.Debug|Any CPU.Build.0 = Debug|Any CPU
		{78EB7B26-1830-4C7B-838F-5FDBC3CEFEB4}.Release|Any CPU.ActiveCfg = Release|Any CPU
		{78EB7B26-1830-4C7B-838F-5FDBC3CEFEB4}.Release|Any CPU.Build.0 = Release|Any CPU
		{9266E4CF-9F44-4C98-A672-9764357375B4}.Debug|Any CPU.ActiveCfg = Debug|Any CPU
		{9266E4CF-9F44-4C98-A672-9764357375B4}.Debug|Any CPU.Build.0 = Debug|Any CPU
		{9266E4CF-9F44-4C98-A672-9764357375B4}.Release|Any CPU.ActiveCfg = Release|Any CPU
		{9266E4CF-9F44-4C98-A672-9764357375B4}.Release|Any CPU.Build.0 = Release|Any CPU
		{2A2933EB-C153-4505-88B8-FA30B5E9C567}.Debug|Any CPU.ActiveCfg = Debug|Any CPU
		{2A2933EB-C153-4505-88B8-FA30B5E9C567}.Debug|Any CPU.Build.0 = Debug|Any CPU
		{2A2933EB-C153-4505-88B8-FA30B5E9C567}.Release|Any CPU.ActiveCfg = Release|Any CPU
		{2A2933EB-C153-4505-88B8-FA30B5E9C567}.Release|Any CPU.Build.0 = Release|Any CPU
		{9BDDDE07-23A9-4E7E-90D2-E733B591DED5}.Debug|Any CPU.ActiveCfg = Debug|Any CPU
		{9BDDDE07-23A9-4E7E-90D2-E733B591DED5}.Debug|Any CPU.Build.0 = Debug|Any CPU
		{9BDDDE07-23A9-4E7E-90D2-E733B591DED5}.Release|Any CPU.ActiveCfg = Release|Any CPU
		{9BDDDE07-23A9-4E7E-90D2-E733B591DED5}.Release|Any CPU.Build.0 = Release|Any CPU
		{D63B1578-FD5A-442C-A1C1-0015FB442912}.Debug|Any CPU.ActiveCfg = Debug|Any CPU
		{D63B1578-FD5A-442C-A1C1-0015FB442912}.Debug|Any CPU.Build.0 = Debug|Any CPU
		{D63B1578-FD5A-442C-A1C1-0015FB442912}.Release|Any CPU.ActiveCfg = Release|Any CPU
		{D63B1578-FD5A-442C-A1C1-0015FB442912}.Release|Any CPU.Build.0 = Release|Any CPU
	EndGlobalSection
EndGlobal
